{
  "name": "ssl-monitor",
  "version": "1.0.0",
  "lockfileVersion": 1,
  "requires": true,
  "dependencies": {
    "get-ssl-certificate": {
      "version": "2.1.2",
      "resolved": "https://registry.npmjs.org/get-ssl-certificate/-/get-ssl-certificate-2.1.2.tgz",
      "integrity": "sha512-pp+YiWy2bqGNmT6+5/nAcZAHPvUcSUjkzTicC4+2Fcc4V1Y25XJd9xHv7SVpHoqRx532LREF5pkbz9wQP0MTUA=="
    }
  }
}
